
Microsoft Visual Studio Solution File, Format Version 12.00
# Visual Studio Version 16
VisualStudioVersion = 25.0.1700.5
MinimumVisualStudioVersion = 10.0.40219.1
Project("{FAE04EC0-301F-11D3-BF4B-00C04F79EFBC}") = "CenturyToYear", "CenturyToYear\CenturyToYear.csproj", "{86B50910-3AB9-442E-8201-CD0484011AAF}"
EndProject
Global
	GlobalSection(SolutionConfigurationPlatforms) = preSolution
		Debug|Any CPU = Debug|Any CPU
		Release|Any CPU = Release|Any CPU
	EndGlobalSection
	GlobalSection(ProjectConfigurationPlatforms) = postSolution
		{86B50910-3AB9-442E-8201-CD0484011AAF}.Debug|Any CPU.ActiveCfg = Debug|Any CPU
		{86B50910-3AB9-442E-8201-CD0484011AAF}.Debug|Any CPU.Build.0 = Debug|Any CPU
		{86B50910-3AB9-442E-8201-CD0484011AAF}.Release|Any CPU.ActiveCfg = Release|Any CPU
		{86B50910-3AB9-442E-8201-CD0484011AAF}.Release|Any CPU.Build.0 = Release|Any CPU
	EndGlobalSection
	GlobalSection(SolutionProperties) = preSolution
		HideSolutionNode = FALSE
	EndGlobalSection
	GlobalSection(ExtensibilityGlobals) = postSolution
		SolutionGuid = {A7A30817-1532-4039-935F-2A630AD8CC4C}
	EndGlobalSection
EndGlobal
